
Microsoft Visual Studio Solution File, Format Version 12.00
# Visual Studio 15
VisualStudioVersion = 15.0.28307.106
MinimumVisualStudioVersion = 10.0.40219.1
Project("{D2ABAB84-BF74-430A-B69E-9DC6D40DDA17}") = "HD", "HD\HD.dwproj", "{23B4820D-C749-41E7-8A1B-F11960ECFE99}"
EndProject
Global
	GlobalSection(SolutionConfigurationPlatforms) = preSolution
		Development|Default = Development|Default
	EndGlobalSection
	GlobalSection(ProjectConfigurationPlatforms) = postSolution
		{23B4820D-C749-41E7-8A1B-F11960ECFE99}.Development|Default.ActiveCfg = Development
		{23B4820D-C749-41E7-8A1B-F11960ECFE99}.Development|Default.Build.0 = Development
		{23B4820D-C749-41E7-8A1B-F11960ECFE99}.Development|Default.Deploy.0 = Development
	EndGlobalSection
	GlobalSection(SolutionProperties) = preSolution
		HideSolutionNode = FALSE
	EndGlobalSection
	GlobalSection(ExtensibilityGlobals) = postSolution
		SolutionGuid = {CB295694-9640-4C0F-8E9D-BA6B51776BB2}
	EndGlobalSection
EndGlobal
